// !$*UTF8*$!
{
	archiveVersion = 1;
	classes = {
	};
	objectVersion = 56;
	objects = {

/* Begin PBXBuildFile section */
		872ED3332D5D7C2F00722D84 /* Column.cpp in Sources */ = {isa = PBXBuildFile; fileRef = 872ED3312D5D7C2F00722D84 /* Column.cpp */; };
		873555DD2D6E3459002D9962 /* Board.cpp in Sources */ = {isa = PBXBuildFile; fileRef = 873555DB2D6E3459002D9962 /* Board.cpp */; };
		873A7BB22D4AC98F006574D7 /* main.cpp in Sources */ = {isa = PBXBuildFile; fileRef = 873A7BB12D4AC98F006574D7 /* main.cpp */; };
		873A7BBA2D4ACA44006574D7 /* tools.cpp in Sources */ = {isa = PBXBuildFile; fileRef = 873A7BB92D4ACA44006574D7 /* tools.cpp */; };
		873A7BBF2D4ACE84006574D7 /* Dice.cpp in Sources */ = {isa = PBXBuildFile; fileRef = 873A7BBD2D4ACE84006574D7 /* Dice.cpp */; };
		8747B5032D53EA62005F11B0 /* Player.cpp in Sources */ = {isa = PBXBuildFile; fileRef = 8747B5012D53EA62005F11B0 /* Player.cpp */; };
		8747B5062D53F865005F11B0 /* enums.cpp in Sources */ = {isa = PBXBuildFile; fileRef = 8747B5042D53F865005F11B0 /* enums.cpp */; };
		87809E662D67D1EC0017FC0D /* Game.cpp in Sources */ = {isa = PBXBuildFile; fileRef = 87809E642D67D1EC0017FC0D /* Game.cpp */; };
/* End PBXBuildFile section */

/* Begin PBXCopyFilesBuildPhase section */
		873A7BAC2D4AC98F006574D7 /* CopyFiles */ = {
			isa = PBXCopyFilesBuildPhase;
			buildActionMask = 2147483647;
			dstPath = /usr/share/man/man1/;
			dstSubfolderSpec = 0;
			files = (
			);
			runOnlyForDeploymentPostprocessing = 1;
		};
/* End PBXCopyFilesBuildPhase section */

/* Begin PBXFileReference section */
		872ED3312D5D7C2F00722D84 /* Column.cpp */ = {isa = PBXFileReference; lastKnownFileType = sourcecode.cpp.cpp; path = Column.cpp; sourceTree = "<group>"; };
		872ED3322D5D7C2F00722D84 /* Column.hpp */ = {isa = PBXFileReference; lastKnownFileType = sourcecode.cpp.h; path = Column.hpp; sourceTree = "<group>"; };
		873555DB2D6E3459002D9962 /* Board.cpp */ = {isa = PBXFileReference; lastKnownFileType = sourcecode.cpp.cpp; path = Board.cpp; sourceTree = "<group>"; };
		873555DC2D6E3459002D9962 /* Board.hpp */ = {isa = PBXFileReference; lastKnownFileType = sourcecode.cpp.h; path = Board.hpp; sourceTree = "<group>"; };
		873A7BAE2D4AC98F006574D7 /* CantStop */ = {isa = PBXFileReference; explicitFileType = "compiled.mach-o.executable"; includeInIndex = 0; path = CantStop; sourceTree = BUILT_PRODUCTS_DIR; };
		873A7BB12D4AC98F006574D7 /* main.cpp */ = {isa = PBXFileReference; lastKnownFileType = sourcecode.cpp.cpp; path = main.cpp; sourceTree = "<group>"; };
		873A7BB82D4ACA44006574D7 /* tools.hpp */ = {isa = PBXFileReference; fileEncoding = 4; lastKnownFileType = sourcecode.cpp.h; path = tools.hpp; sourceTree = "<group>"; };
		873A7BB92D4ACA44006574D7 /* tools.cpp */ = {isa = PBXFileReference; fileEncoding = 4; lastKnownFileType = sourcecode.cpp.cpp; path = tools.cpp; sourceTree = "<group>"; };
		873A7BBD2D4ACE84006574D7 /* Dice.cpp */ = {isa = PBXFileReference; lastKnownFileType = sourcecode.cpp.cpp; path = Dice.cpp; sourceTree = "<group>"; };
		873A7BBE2D4ACE84006574D7 /* Dice.hpp */ = {isa = PBXFileReference; lastKnownFileType = sourcecode.cpp.h; path = Dice.hpp; sourceTree = "<group>"; };
		8747B5012D53EA62005F11B0 /* Player.cpp */ = {isa = PBXFileReference; lastKnownFileType = sourcecode.cpp.cpp; path = Player.cpp; sourceTree = "<group>"; };
		8747B5022D53EA62005F11B0 /* Player.hpp */ = {isa = PBXFileReference; lastKnownFileType = sourcecode.cpp.h; path = Player.hpp; sourceTree = "<group>"; };
		8747B5042D53F865005F11B0 /* enums.cpp */ = {isa = PBXFileReference; lastKnownFileType = sourcecode.cpp.cpp; path = enums.cpp; sourceTree = "<group>"; };
		8747B5052D53F865005F11B0 /* enums.hpp */ = {isa = PBXFileReference; lastKnownFileType = sourcecode.cpp.h; path = enums.hpp; sourceTree = "<group>"; };
		87809E642D67D1EC0017FC0D /* Game.cpp */ = {isa = PBXFileReference; lastKnownFileType = sourcecode.cpp.cpp; path = Game.cpp; sourceTree = "<group>"; };
		87809E652D67D1EC0017FC0D /* Game.hpp */ = {isa = PBXFileReference; lastKnownFileType = sourcecode.cpp.h; path = Game.hpp; sourceTree = "<group>"; };
/* End PBXFileReference section */

/* Begin PBXFrameworksBuildPhase section */
		873A7BAB2D4AC98F006574D7 /* Frameworks */ = {
			isa = PBXFrameworksBuildPhase;
			buildActionMask = 2147483647;
			files = (
			);
			runOnlyForDeploymentPostprocessing = 0;
		};
/* End PBXFrameworksBuildPhase section */

/* Begin PBXGroup section */
		873A7BA52D4AC98F006574D7 = {
			isa = PBXGroup;
			children = (
				873A7BB02D4AC98F006574D7 /* CantStop */,
				873A7BAF2D4AC98F006574D7 /* Products */,
			);
			sourceTree = "<group>";
		};
		873A7BAF2D4AC98F006574D7 /* Products */ = {
			isa = PBXGroup;
			children = (
				873A7BAE2D4AC98F006574D7 /* CantStop */,
			);
			name = Products;
			sourceTree = "<group>";
		};
		873A7BB02D4AC98F006574D7 /* CantStop */ = {
			isa = PBXGroup;
			children = (
				873A7BBB2D4ACC1F006574D7 /* src */,
			);
			path = CantStop;
			sourceTree = "<group>";
		};
		873A7BBB2D4ACC1F006574D7 /* src */ = {
			isa = PBXGroup;
			children = (
				873A7BB12D4AC98F006574D7 /* main.cpp */,
				873A7BBD2D4ACE84006574D7 /* Dice.cpp */,
				873A7BBE2D4ACE84006574D7 /* Dice.hpp */,
				873A7BB92D4ACA44006574D7 /* tools.cpp */,
				873A7BB82D4ACA44006574D7 /* tools.hpp */,
				8747B5012D53EA62005F11B0 /* Player.cpp */,
				8747B5022D53EA62005F11B0 /* Player.hpp */,
				8747B5042D53F865005F11B0 /* enums.cpp */,
				8747B5052D53F865005F11B0 /* enums.hpp */,
				872ED3312D5D7C2F00722D84 /* Column.cpp */,
				872ED3322D5D7C2F00722D84 /* Column.hpp */,
				87809E642D67D1EC0017FC0D /* Game.cpp */,
				87809E652D67D1EC0017FC0D /* Game.hpp */,
				873555DB2D6E3459002D9962 /* Board.cpp */,
				873555DC2D6E3459002D9962 /* Board.hpp */,
			);
			path = src;
			sourceTree = "<group>";
		};
/* End PBXGroup section */

/* Begin PBXNativeTarget section */
		873A7BAD2D4AC98F006574D7 /* CantStop */ = {
			isa = PBXNativeTarget;
			buildConfigurationList = 873A7BB52D4AC98F006574D7 /* Build configuration list for PBXNativeTarget "CantStop" */;
			buildPhases = (
				873A7BAA2D4AC98F006574D7 /* Sources */,
				873A7BAB2D4AC98F006574D7 /* Frameworks */,
				873A7BAC2D4AC98F006574D7 /* CopyFiles */,
			);
			buildRules = (
			);
			dependencies = (
			);
			name = CantStop;
			productName = CantStop;
			productReference = 873A7BAE2D4AC98F006574D7 /* CantStop */;
			productType = "com.apple.product-type.tool";
		};
/* End PBXNativeTarget section */

/* Begin PBXProject section */
		873A7BA62D4AC98F006574D7 /* Project object */ = {
			isa = PBXProject;
			attributes = {
				BuildIndependentTargetsInParallel = 1;
				LastUpgradeCheck = 1540;
				TargetAttributes = {
					873A7BAD2D4AC98F006574D7 = {
						CreatedOnToolsVersion = 15.4;
					};
				};
			};
			buildConfigurationList = 873A7BA92D4AC98F006574D7 /* Build configuration list for PBXProject "CantStop" */;
			compatibilityVersion = "Xcode 14.0";
			developmentRegion = en;
			hasScannedForEncodings = 0;
			knownRegions = (
				en,
				Base,
			);
			mainGroup = 873A7BA52D4AC98F006574D7;
			productRefGroup = 873A7BAF2D4AC98F006574D7 /* Products */;
			projectDirPath = "";
			projectRoot = "";
			targets = (
				873A7BAD2D4AC98F006574D7 /* CantStop */,
			);
		};
/* End PBXProject section */

/* Begin PBXSourcesBuildPhase section */
		873A7BAA2D4AC98F006574D7 /* Sources */ = {
			isa = PBXSourcesBuildPhase;
			buildActionMask = 2147483647;
			files = (
				873555DD2D6E3459002D9962 /* Board.cpp in Sources */,
				873A7BBF2D4ACE84006574D7 /* Dice.cpp in Sources */,
				8747B5062D53F865005F11B0 /* enums.cpp in Sources */,
				87809E662D67D1EC0017FC0D /* Game.cpp in Sources */,
				873A7BB22D4AC98F006574D7 /* main.cpp in Sources */,
				873A7BBA2D4ACA44006574D7 /* tools.cpp in Sources */,
				8747B5032D53EA62005F11B0 /* Player.cpp in Sources */,
				872ED3332D5D7C2F00722D84 /* Column.cpp in Sources */,
			);
			runOnlyForDeploymentPostprocessing = 0;
		};
/* End PBXSourcesBuildPhase section */

/* Begin XCBuildConfiguration section */
		873A7BB32D4AC98F006574D7 /* Debug */ = {
			isa = XCBuildConfiguration;
			buildSettings = {
				ALWAYS_SEARCH_USER_PATHS = NO;
				ASSETCATALOG_COMPILER_GENERATE_SWIFT_ASSET_SYMBOL_EXTENSIONS = YES;
				CLANG_ANALYZER_NONNULL = YES;
				CLANG_ANALYZER_NUMBER_OBJECT_CONVERSION = YES_AGGRESSIVE;
				CLANG_CXX_LANGUAGE_STANDARD = "gnu++20";
				CLANG_ENABLE_MODULES = YES;
				CLANG_ENABLE_OBJC_ARC = YES;
				CLANG_ENABLE_OBJC_WEAK = YES;
				CLANG_WARN_BLOCK_CAPTURE_AUTORELEASING = YES;
				CLANG_WARN_BOOL_CONVERSION = YES;
				CLANG_WARN_COMMA = YES;
				CLANG_WARN_CONSTANT_CONVERSION = YES;
				CLANG_WARN_DEPRECATED_OBJC_IMPLEMENTATIONS = YES;
				CLANG_WARN_DIRECT_OBJC_ISA_USAGE = YES_ERROR;
				CLANG_WARN_DOCUMENTATION_COMMENTS = YES;
				CLANG_WARN_EMPTY_BODY = YES;
				CLANG_WARN_ENUM_CONVERSION = YES;
				CLANG_WARN_INFINITE_RECURSION = YES;
				CLANG_WARN_INT_CONVERSION = YES;
				CLANG_WARN_NON_LITERAL_NULL_CONVERSION = YES;
				CLANG_WARN_OBJC_IMPLICIT_RETAIN_SELF = YES;
				CLANG_WARN_OBJC_LITERAL_CONVERSION = YES;
				CLANG_WARN_OBJC_ROOT_CLASS = YES_ERROR;
				CLANG_WARN_QUOTED_INCLUDE_IN_FRAMEWORK_HEADER = YES;
				CLANG_WARN_RANGE_LOOP_ANALYSIS = YES;
				CLANG_WARN_STRICT_PROTOTYPES = YES;
				CLANG_WARN_SUSPICIOUS_MOVE = YES;
				CLANG_WARN_UNGUARDED_AVAILABILITY = YES_AGGRESSIVE;
				CLANG_WARN_UNREACHABLE_CODE = YES;
				CLANG_WARN__DUPLICATE_METHOD_MATCH = YES;
				COPY_PHASE_STRIP = NO;
				DEBUG_INFORMATION_FORMAT = dwarf;
				ENABLE_STRICT_OBJC_MSGSEND = YES;
				ENABLE_TESTABILITY = YES;
				ENABLE_USER_SCRIPT_SANDBOXING = YES;
				GCC_C_LANGUAGE_STANDARD = gnu17;
				GCC_DYNAMIC_NO_PIC = NO;
				GCC_NO_COMMON_BLOCKS = YES;
				GCC_OPTIMIZATION_LEVEL = 0;
				GCC_PREPROCESSOR_DEFINITIONS = (
					"DEBUG=1",
					"$(inherited)",
				);
				GCC_WARN_64_TO_32_BIT_CONVERSION = YES;
				GCC_WARN_ABOUT_RETURN_TYPE = YES_ERROR;
				GCC_WARN_UNDECLARED_SELECTOR = YES;
				GCC_WARN_UNINITIALIZED_AUTOS = YES_AGGRESSIVE;
				GCC_WARN_UNUSED_FUNCTION = YES;
				GCC_WARN_UNUSED_VARIABLE = YES;
				LOCALIZATION_PREFERS_STRING_CATALOGS = YES;
				MACOSX_DEPLOYMENT_TARGET = 14.4;
				MTL_ENABLE_DEBUG_INFO = INCLUDE_SOURCE;
				MTL_FAST_MATH = YES;
				ONLY_ACTIVE_ARCH = YES;
				SDKROOT = macosx;
			};
			name = Debug;
		};
		873A7BB42D4AC98F006574D7 /* Release */ = {
			isa = XCBuildConfiguration;
			buildSettings = {
				ALWAYS_SEARCH_USER_PATHS = NO;
				ASSETCATALOG_COMPILER_GENERATE_SWIFT_ASSET_SYMBOL_EXTENSIONS = YES;
				CLANG_ANALYZER_NONNULL = YES;
				CLANG_ANALYZER_NUMBER_OBJECT_CONVERSION = YES_AGGRESSIVE;
				CLANG_CXX_LANGUAGE_STANDARD = "gnu++20";
				CLANG_ENABLE_MODULES = YES;
				CLANG_ENABLE_OBJC_ARC = YES;
				CLANG_ENABLE_OBJC_WEAK = YES;
				CLANG_WARN_BLOCK_CAPTURE_AUTORELEASING = YES;
				CLANG_WARN_BOOL_CONVERSION = YES;
				CLANG_WARN_COMMA = YES;
				CLANG_WARN_CONSTANT_CONVERSION = YES;
				CLANG_WARN_DEPRECATED_OBJC_IMPLEMENTATIONS = YES;
				CLANG_WARN_DIRECT_OBJC_ISA_USAGE = YES_ERROR;
				CLANG_WARN_DOCUMENTATION_COMMENTS = YES;
				CLANG_WARN_EMPTY_BODY = YES;
				CLANG_WARN_ENUM_CONVERSION = YES;
				CLANG_WARN_INFINITE_RECURSION = YES;
				CLANG_WARN_INT_CONVERSION = YES;
				CLANG_WARN_NON_LITERAL_NULL_CONVERSION = YES;
				CLANG_WARN_OBJC_IMPLICIT_RETAIN_SELF = YES;
				CLANG_WARN_OBJC_LITERAL_CONVERSION = YES;
				CLANG_WARN_OBJC_ROOT_CLASS = YES_ERROR;
				CLANG_WARN_QUOTED_INCLUDE_IN_FRAMEWORK_HEADER = YES;
				CLANG_WARN_RANGE_LOOP_ANALYSIS = YES;
				CLANG_WARN_STRICT_PROTOTYPES = YES;
				CLANG_WARN_SUSPICIOUS_MOVE = YES;
				CLANG_WARN_UNGUARDED_AVAILABILITY = YES_AGGRESSIVE;
				CLANG_WARN_UNREACHABLE_CODE = YES;
				CLANG_WARN__DUPLICATE_METHOD_MATCH = YES;
				COPY_PHASE_STRIP = NO;
				DEBUG_INFORMATION_FORMAT = "dwarf-with-dsym";
				ENABLE_NS_ASSERTIONS = NO;
				ENABLE_STRICT_OBJC_MSGSEND = YES;
				ENABLE_USER_SCRIPT_SANDBOXING = YES;
				GCC_C_LANGUAGE_STANDARD = gnu17;
				GCC_NO_COMMON_BLOCKS = YES;
				GCC_WARN_64_TO_32_BIT_CONVERSION = YES;
				GCC_WARN_ABOUT_RETURN_TYPE = YES_ERROR;
				GCC_WARN_UNDECLARED_SELECTOR = YES;
				GCC_WARN_UNINITIALIZED_AUTOS = YES_AGGRESSIVE;
				GCC_WARN_UNUSED_FUNCTION = YES;
				GCC_WARN_UNUSED_VARIABLE = YES;
				LOCALIZATION_PREFERS_STRING_CATALOGS = YES;
				MACOSX_DEPLOYMENT_TARGET = 14.4;
				MTL_ENABLE_DEBUG_INFO = NO;
				MTL_FAST_MATH = YES;
				SDKROOT = macosx;
			};
			name = Release;
		};
		873A7BB62D4AC98F006574D7 /* Debug */ = {
			isa = XCBuildConfiguration;
			buildSettings = {
				CODE_SIGN_STYLE = Automatic;
				PRODUCT_NAME = "$(TARGET_NAME)";
			};
			name = Debug;
		};
		873A7BB72D4AC98F006574D7 /* Release */ = {
			isa = XCBuildConfiguration;
			buildSettings = {
				CODE_SIGN_STYLE = Automatic;
				PRODUCT_NAME = "$(TARGET_NAME)";
			};
			name = Release;
		};
/* End XCBuildConfiguration section */

/* Begin XCConfigurationList section */
		873A7BA92D4AC98F006574D7 /* Build configuration list for PBXProject "CantStop" */ = {
			isa = XCConfigurationList;
			buildConfigurations = (
				873A7BB32D4AC98F006574D7 /* Debug */,
				873A7BB42D4AC98F006574D7 /* Release */,
			);
			defaultConfigurationIsVisible = 0;
			defaultConfigurationName = Release;
		};
		873A7BB52D4AC98F006574D7 /* Build configuration list for PBXNativeTarget "CantStop" */ = {
			isa = XCConfigurationList;
			buildConfigurations = (
				873A7BB62D4AC98F006574D7 /* Debug */,
				873A7BB72D4AC98F006574D7 /* Release */,
			);
			defaultConfigurationIsVisible = 0;
			defaultConfigurationName = Release;
		};
/* End XCConfigurationList section */
	};
	rootObject = 873A7BA62D4AC98F006574D7 /* Project object */;
}
